
Microsoft Visual Studio Solution File, Format Version 12.00
# Visual Studio Version 16
VisualStudioVersion = 16.0.31410.357
MinimumVisualStudioVersion = 10.0.40219.1
Project("{9A19103F-16F7-4668-BE54-9A1E7A4F7556}") = "OpenFileExample", "OpenFileExample\OpenFileExample.csproj", "{AFED3B35-99D6-4A0A-A252-20089F92EB58}"
EndProject
Project("{9A19103F-16F7-4668-BE54-9A1E7A4F7556}") = "OpenFileExample.Browser", "OpenFileExample.Browser\OpenFileExample.Browser.csproj", "{88EB7B42-48EC-45F4-99E1-A636E279E115}"
EndProject
Project("{9A19103F-16F7-4668-BE54-9A1E7A4F7556}") = "OpenFileExample.Simulator", "OpenFileExample.Simulator\OpenFileExample.Simulator.csproj", "{C7CCEE0A-74D0-455B-AFD8-1CB0A840A58E}"
EndProject
Global
	GlobalSection(SolutionConfigurationPlatforms) = preSolution
		Debug|Any CPU = Debug|Any CPU
		Release|Any CPU = Release|Any CPU
	EndGlobalSection
	GlobalSection(ProjectConfigurationPlatforms) = postSolution
		{AFED3B35-99D6-4A0A-A252-20089F92EB58}.Debug|Any CPU.ActiveCfg = Debug|Any CPU
		{AFED3B35-99D6-4A0A-A252-20089F92EB58}.Debug|Any CPU.Build.0 = Debug|Any CPU
		{AFED3B35-99D6-4A0A-A252-20089F92EB58}.Release|Any CPU.ActiveCfg = Release|Any CPU
		{AFED3B35-99D6-4A0A-A252-20089F92EB58}.Release|Any CPU.Build.0 = Release|Any CPU
		{88EB7B42-48EC-45F4-99E1-A636E279E115}.Debug|Any CPU.ActiveCfg = Debug|Any CPU
		{88EB7B42-48EC-45F4-99E1-A636E279E115}.Debug|Any CPU.Build.0 = Debug|Any CPU
		{88EB7B42-48EC-45F4-99E1-A636E279E115}.Release|Any CPU.ActiveCfg = Release|Any CPU
		{88EB7B42-48EC-45F4-99E1-A636E279E115}.Release|Any CPU.Build.0 = Release|Any CPU
		{C7CCEE0A-74D0-455B-AFD8-1CB0A840A58E}.Debug|Any CPU.ActiveCfg = Debug|Any CPU
		{C7CCEE0A-74D0-455B-AFD8-1CB0A840A58E}.Debug|Any CPU.Build.0 = Debug|Any CPU
		{C7CCEE0A-74D0-455B-AFD8-1CB0A840A58E}.Release|Any CPU.ActiveCfg = Release|Any CPU
		{C7CCEE0A-74D0-455B-AFD8-1CB0A840A58E}.Release|Any CPU.Build.0 = Release|Any CPU
	EndGlobalSection
	GlobalSection(SolutionProperties) = preSolution
		HideSolutionNode = FALSE
	EndGlobalSection
	GlobalSection(ExtensibilityGlobals) = postSolution
		SolutionGuid = {5B34C95A-F05E-4AE1-8262-5D56FA0A2BB4}
	EndGlobalSection
EndGlobal
